Microsoft Visual Studio Solution File, Format Version 12.00
# Visual Studio Version 17
VisualStudioVersion = 17.7.34202.233
MinimumVisualStudioVersion = 10.0.40219.1
Project("{2150E333-8FDC-42A3-9474-1A3956D46DE8}") = "Services", "Services", "{D93B5691-7222-43C3-9759-99637CE427EC}"
EndProject
Project("{2150E333-8FDC-42A3-9474-1A3956D46DE8}") = "Identity", "Identity", "{B7B1743A-B617-4A63-8259-249961AF4943}"
EndProject
Project("{2150E333-8FDC-42A3-9474-1A3956D46DE8}") = "BuildingBlocks", "BuildingBlocks", "{2806FDC7-60BD-4E4C-A8B7-62645BDE3969}"
EndProject
Project("{9A19103F-16F7-4668-BE54-9A1E7A4F7556}") = "BuildingBlocks", "BuildingBlocks\BuildingBlocks\BuildingBlocks.csproj", "{196855D7-C3D1-44B1-87C1-0E890FC8F733}"
EndProject
Project("{9A19103F-16F7-4668-BE54-9A1E7A4F7556}") = "Identity.API", "Services\Identity\Identity.API\Identity.API.csproj", "{D9ABCC43-40E2-40E4-ABA6-33D2E565BF56}"
EndProject
Project("{2150E333-8FDC-42A3-9474-1A3956D46DE8}") = "Coupon", "Coupon", "{6BA613E6-2187-4CD5-97F7-2F445478BC4F}"
EndProject
Project("{9A19103F-16F7-4668-BE54-9A1E7A4F7556}") = "Coupon.Grpc", "Coupon.Grpc\Coupon.Grpc.csproj", "{DDB5682C-32F2-47C3-9811-EF0F0CA92343}"
EndProject
Project("{E53339B2-1760-4266-BCC7-CA923CBCF16C}") = "docker-compose", "docker-compose.dcproj", "{45ABD27E-5800-41ED-984F-AF81A61D4F7A}"
EndProject
EndProject
Project("{FAE04EC0-301F-11D3-BF4B-00C04F79EFBC}") = "Email.API", "Email.API\Email.API.csproj", "{6A7EA9F0-4EE5-47B6-8851-E3673DFD7651}"
Project("{9A19103F-16F7-4668-BE54-9A1E7A4F7556}") = "Identity.Domain", "Services\Identity\Identity.Domain\Identity.Domain.csproj", "{EBD25BE6-95E4-4922-B981-F07B8BE1CCE3}"
EndProject
Project("{9A19103F-16F7-4668-BE54-9A1E7A4F7556}") = "Identity.Infrastructure", "Services\Identity\Identity.Infrastructure\Identity.Infrastructure.csproj", "{4FDE13E8-DB8E-4288-AA98-11D5DBB375C8}"
EndProject
Project("{9A19103F-16F7-4668-BE54-9A1E7A4F7556}") = "Identity.Application", "Services\Identity\Identity.Application\Identity.Application.csproj", "{610EE162-C873-4131-AFD5-A01E2703AF24}"
EndProject
Project("{2150E333-8FDC-42A3-9474-1A3956D46DE8}") = "Gateway", "Gateway", "{E544132D-8DFD-44A3-BFE9-CF01A7943E7D}"
EndProject
Project("{9A19103F-16F7-4668-BE54-9A1E7A4F7556}") = "ToolZone.Gateway", "Gateway\ToolZone.Gateway\ToolZone.Gateway.csproj", "{E5278C32-2F80-4FA7-941A-86BB501D11FF}"
EndProject
Project("{2150E333-8FDC-42A3-9474-1A3956D46DE8}") = "ShoppingCart", "ShoppingCart", "{808F0910-A136-44D4-9E43-3D2391B6E667}"
EndProject
Project("{9A19103F-16F7-4668-BE54-9A1E7A4F7556}") = "ShoppingCart.API", "Services\ShoppingCart\ShoppingCart.API\ShoppingCart.API.csproj", "{2B73BBF6-C7D8-4F1C-96B6-6629E7C691EE}"
EndProject
Project("{2150E333-8FDC-42A3-9474-1A3956D46DE8}") = "Catalog", "Catalog", "{69B0F157-F405-48FB-8480-3275435A8852}"
EndProject
Project("{FAE04EC0-301F-11D3-BF4B-00C04F79EFBC}") = "Catalog.API", "Services\Catalog.API\Catalog.API.csproj", "{5FC4F816-4C10-4640-AE14-BFD30ACB9641}"
Project("{2150E333-8FDC-42A3-9474-1A3956D46DE8}") = "Coupon", "Coupon", "{6F3F7E73-363E-4CC5-BCDE-7E0C0ED110E9}"
EndProject
Project("{2150E333-8FDC-42A3-9474-1A3956D46DE8}") = "Email", "Email", "{300F07F8-9C5E-4C65-BDFE-17CB6487FB97}"
EndProject
Project("{9A19103F-16F7-4668-BE54-9A1E7A4F7556}") = "Email.API", "Services\Email\Email.API\Email.API.csproj", "{1F87C808-7B0E-499D-837F-84A1A190EFDD}"
EndProject
Global
	GlobalSection(SolutionConfigurationPlatforms) = preSolution
		Debug|Any CPU = Debug|Any CPU
		Release|Any CPU = Release|Any CPU
	EndGlobalSection
	GlobalSection(ProjectConfigurationPlatforms) = postSolution
		{196855D7-C3D1-44B1-87C1-0E890FC8F733}.Debug|Any CPU.ActiveCfg = Debug|Any CPU
		{196855D7-C3D1-44B1-87C1-0E890FC8F733}.Debug|Any CPU.Build.0 = Debug|Any CPU
		{196855D7-C3D1-44B1-87C1-0E890FC8F733}.Release|Any CPU.ActiveCfg = Release|Any CPU
		{196855D7-C3D1-44B1-87C1-0E890FC8F733}.Release|Any CPU.Build.0 = Release|Any CPU
		{D9ABCC43-40E2-40E4-ABA6-33D2E565BF56}.Debug|Any CPU.ActiveCfg = Debug|Any CPU
		{D9ABCC43-40E2-40E4-ABA6-33D2E565BF56}.Debug|Any CPU.Build.0 = Debug|Any CPU
		{D9ABCC43-40E2-40E4-ABA6-33D2E565BF56}.Release|Any CPU.ActiveCfg = Release|Any CPU
		{D9ABCC43-40E2-40E4-ABA6-33D2E565BF56}.Release|Any CPU.Build.0 = Release|Any CPU
		{DDB5682C-32F2-47C3-9811-EF0F0CA92343}.Debug|Any CPU.ActiveCfg = Debug|Any CPU
		{DDB5682C-32F2-47C3-9811-EF0F0CA92343}.Debug|Any CPU.Build.0 = Debug|Any CPU
		{DDB5682C-32F2-47C3-9811-EF0F0CA92343}.Release|Any CPU.ActiveCfg = Release|Any CPU
		{DDB5682C-32F2-47C3-9811-EF0F0CA92343}.Release|Any CPU.Build.0 = Release|Any CPU
		{45ABD27E-5800-41ED-984F-AF81A61D4F7A}.Debug|Any CPU.ActiveCfg = Debug|Any CPU
		{45ABD27E-5800-41ED-984F-AF81A61D4F7A}.Debug|Any CPU.Build.0 = Debug|Any CPU
		{45ABD27E-5800-41ED-984F-AF81A61D4F7A}.Release|Any CPU.ActiveCfg = Release|Any CPU
		{45ABD27E-5800-41ED-984F-AF81A61D4F7A}.Release|Any CPU.Build.0 = Release|Any CPU
		{EBD25BE6-95E4-4922-B981-F07B8BE1CCE3}.Debug|Any CPU.ActiveCfg = Debug|Any CPU
		{EBD25BE6-95E4-4922-B981-F07B8BE1CCE3}.Debug|Any CPU.Build.0 = Debug|Any CPU
		{EBD25BE6-95E4-4922-B981-F07B8BE1CCE3}.Release|Any CPU.ActiveCfg = Release|Any CPU
		{EBD25BE6-95E4-4922-B981-F07B8BE1CCE3}.Release|Any CPU.Build.0 = Release|Any CPU
		{4FDE13E8-DB8E-4288-AA98-11D5DBB375C8}.Debug|Any CPU.ActiveCfg = Debug|Any CPU
		{4FDE13E8-DB8E-4288-AA98-11D5DBB375C8}.Debug|Any CPU.Build.0 = Debug|Any CPU
		{4FDE13E8-DB8E-4288-AA98-11D5DBB375C8}.Release|Any CPU.ActiveCfg = Release|Any CPU
		{4FDE13E8-DB8E-4288-AA98-11D5DBB375C8}.Release|Any CPU.Build.0 = Release|Any CPU
		{610EE162-C873-4131-AFD5-A01E2703AF24}.Debug|Any CPU.ActiveCfg = Debug|Any CPU
		{610EE162-C873-4131-AFD5-A01E2703AF24}.Debug|Any CPU.Build.0 = Debug|Any CPU
		{610EE162-C873-4131-AFD5-A01E2703AF24}.Release|Any CPU.ActiveCfg = Release|Any CPU
		{610EE162-C873-4131-AFD5-A01E2703AF24}.Release|Any CPU.Build.0 = Release|Any CPU
		{E5278C32-2F80-4FA7-941A-86BB501D11FF}.Debug|Any CPU.ActiveCfg = Debug|Any CPU
		{E5278C32-2F80-4FA7-941A-86BB501D11FF}.Debug|Any CPU.Build.0 = Debug|Any CPU
		{E5278C32-2F80-4FA7-941A-86BB501D11FF}.Release|Any CPU.ActiveCfg = Release|Any CPU
		{E5278C32-2F80-4FA7-941A-86BB501D11FF}.Release|Any CPU.Build.0 = Release|Any CPU
		{2B73BBF6-C7D8-4F1C-96B6-6629E7C691EE}.Debug|Any CPU.ActiveCfg = Debug|Any CPU
		{2B73BBF6-C7D8-4F1C-96B6-6629E7C691EE}.Debug|Any CPU.Build.0 = Debug|Any CPU
		{2B73BBF6-C7D8-4F1C-96B6-6629E7C691EE}.Release|Any CPU.ActiveCfg = Release|Any CPU
		{2B73BBF6-C7D8-4F1C-96B6-6629E7C691EE}.Release|Any CPU.Build.0 = Release|Any CPU
		{5FC4F816-4C10-4640-AE14-BFD30ACB9641}.Debug|Any CPU.ActiveCfg = Debug|Any CPU
		{5FC4F816-4C10-4640-AE14-BFD30ACB9641}.Debug|Any CPU.Build.0 = Debug|Any CPU
		{5FC4F816-4C10-4640-AE14-BFD30ACB9641}.Release|Any CPU.ActiveCfg = Release|Any CPU
		{5FC4F816-4C10-4640-AE14-BFD30ACB9641}.Release|Any CPU.Build.0 = Release|Any CPU
		{1F87C808-7B0E-499D-837F-84A1A190EFDD}.Debug|Any CPU.ActiveCfg = Debug|Any CPU
		{1F87C808-7B0E-499D-837F-84A1A190EFDD}.Debug|Any CPU.Build.0 = Debug|Any CPU
		{1F87C808-7B0E-499D-837F-84A1A190EFDD}.Release|Any CPU.ActiveCfg = Release|Any CPU
		{1F87C808-7B0E-499D-837F-84A1A190EFDD}.Release|Any CPU.Build.0 = Release|Any CPU
	EndGlobalSection
	GlobalSection(SolutionProperties) = preSolution
		HideSolutionNode = FALSE
	EndGlobalSection
	GlobalSection(NestedProjects) = preSolution
		{B7B1743A-B617-4A63-8259-249961AF4943} = {D93B5691-7222-43C3-9759-99637CE427EC}
		{196855D7-C3D1-44B1-87C1-0E890FC8F733} = {2806FDC7-60BD-4E4C-A8B7-62645BDE3969}
		{D9ABCC43-40E2-40E4-ABA6-33D2E565BF56} = {B7B1743A-B617-4A63-8259-249961AF4943}
		{DDB5682C-32F2-47C3-9811-EF0F0CA92343} = {6F3F7E73-363E-4CC5-BCDE-7E0C0ED110E9}
		{EBD25BE6-95E4-4922-B981-F07B8BE1CCE3} = {B7B1743A-B617-4A63-8259-249961AF4943}
		{4FDE13E8-DB8E-4288-AA98-11D5DBB375C8} = {B7B1743A-B617-4A63-8259-249961AF4943}
		{610EE162-C873-4131-AFD5-A01E2703AF24} = {B7B1743A-B617-4A63-8259-249961AF4943}
		{E5278C32-2F80-4FA7-941A-86BB501D11FF} = {E544132D-8DFD-44A3-BFE9-CF01A7943E7D}
		{808F0910-A136-44D4-9E43-3D2391B6E667} = {D93B5691-7222-43C3-9759-99637CE427EC}
		{2B73BBF6-C7D8-4F1C-96B6-6629E7C691EE} = {808F0910-A136-44D4-9E43-3D2391B6E667}
		{69B0F157-F405-48FB-8480-3275435A8852} = {D93B5691-7222-43C3-9759-99637CE427EC}
		{5FC4F816-4C10-4640-AE14-BFD30ACB9641} = {69B0F157-F405-48FB-8480-3275435A8852}
		{6F3F7E73-363E-4CC5-BCDE-7E0C0ED110E9} = {D93B5691-7222-43C3-9759-99637CE427EC}
		{300F07F8-9C5E-4C65-BDFE-17CB6487FB97} = {D93B5691-7222-43C3-9759-99637CE427EC}
		{1F87C808-7B0E-499D-837F-84A1A190EFDD} = {300F07F8-9C5E-4C65-BDFE-17CB6487FB97}
	EndGlobalSection
	GlobalSection(ExtensibilityGlobals) = postSolution
		SolutionGuid = {F31F6D48-E252-473B-AD1B-C0F957D3E446}
	EndGlobalSection
EndGlobal
