
Microsoft Visual Studio Solution File, Format Version 12.00
# Visual Studio Version 17
VisualStudioVersion = 17.7.34202.233
MinimumVisualStudioVersion = 10.0.40219.1
Project("{2150E333-8FDC-42A3-9474-1A3956D46DE8}") = "Product", "Product", "{42C2B251-F652-4018-9B9C-40CA59315857}"
EndProject
Project("{2150E333-8FDC-42A3-9474-1A3956D46DE8}") = "Services", "Services", "{D93B5691-7222-43C3-9759-99637CE427EC}"
EndProject
Project("{2150E333-8FDC-42A3-9474-1A3956D46DE8}") = "Identity", "Identity", "{B7B1743A-B617-4A63-8259-249961AF4943}"
EndProject
Project("{FAE04EC0-301F-11D3-BF4B-00C04F79EFBC}") = "Project.API", "Services\Product\Project.API\Project.API.csproj", "{99AB9E21-548C-4879-ADD5-EDB666446DD0}"
EndProject
Global
	GlobalSection(SolutionConfigurationPlatforms) = preSolution
		Debug|Any CPU = Debug|Any CPU
		Release|Any CPU = Release|Any CPU
	EndGlobalSection
	GlobalSection(ProjectConfigurationPlatforms) = postSolution
		{99AB9E21-548C-4879-ADD5-EDB666446DD0}.Debug|Any CPU.ActiveCfg = Debug|Any CPU
		{99AB9E21-548C-4879-ADD5-EDB666446DD0}.Debug|Any CPU.Build.0 = Debug|Any CPU
		{99AB9E21-548C-4879-ADD5-EDB666446DD0}.Release|Any CPU.ActiveCfg = Release|Any CPU
		{99AB9E21-548C-4879-ADD5-EDB666446DD0}.Release|Any CPU.Build.0 = Release|Any CPU
	EndGlobalSection
	GlobalSection(SolutionProperties) = preSolution
		HideSolutionNode = FALSE
	EndGlobalSection
	GlobalSection(NestedProjects) = preSolution
		{42C2B251-F652-4018-9B9C-40CA59315857} = {D93B5691-7222-43C3-9759-99637CE427EC}
		{B7B1743A-B617-4A63-8259-249961AF4943} = {D93B5691-7222-43C3-9759-99637CE427EC}
		{99AB9E21-548C-4879-ADD5-EDB666446DD0} = {42C2B251-F652-4018-9B9C-40CA59315857}
	EndGlobalSection
	GlobalSection(ExtensibilityGlobals) = postSolution
		SolutionGuid = {F31F6D48-E252-473B-AD1B-C0F957D3E446}
	EndGlobalSection
EndGlobal
